
Microsoft Visual Studio Solution File, Format Version 12.00
# Visual Studio Version 17
VisualStudioVersion = 17.8.34525.116
MinimumVisualStudioVersion = 10.0.40219.1
Project("{9A19103F-16F7-4668-BE54-9A1E7A4F7556}") = "Educational-Platform.API", "Educational-Platform.API\Educational-Platform.API.csproj", "{4A4AC987-4F65-4835-8A40-89F3E905EED3}"
EndProject
Project("{9A19103F-16F7-4668-BE54-9A1E7A4F7556}") = "Educational-Platform.Domain", "Educational-Platform.Domain\Educational-Platform.Domain.csproj", "{4FBBF649-CA5D-48B7-B7DB-32C4DB68115C}"
EndProject
Project("{9A19103F-16F7-4668-BE54-9A1E7A4F7556}") = "Educational-Platform.Application", "Educational-Platform.Application\Educational-Platform.Application.csproj", "{CC9A2E52-2E1D-4021-B6C8-FCCE9951A1A9}"
EndProject
Project("{9A19103F-16F7-4668-BE54-9A1E7A4F7556}") = "Educational-Platform.Infrastructure", "Educational-Platform.Infrastructure\Educational-Platform.Infrastructure.csproj", "{8B27CC9D-039B-4BD5-8673-96F34E289F28}"
EndProject
Global
	GlobalSection(SolutionConfigurationPlatforms) = preSolution
		Debug|Any CPU = Debug|Any CPU
		Release|Any CPU = Release|Any CPU
	EndGlobalSection
	GlobalSection(ProjectConfigurationPlatforms) = postSolution
		{4A4AC987-4F65-4835-8A40-89F3E905EED3}.Debug|Any CPU.ActiveCfg = Debug|Any CPU
		{4A4AC987-4F65-4835-8A40-89F3E905EED3}.Debug|Any CPU.Build.0 = Debug|Any CPU
		{4A4AC987-4F65-4835-8A40-89F3E905EED3}.Release|Any CPU.ActiveCfg = Release|Any CPU
		{4A4AC987-4F65-4835-8A40-89F3E905EED3}.Release|Any CPU.Build.0 = Release|Any CPU
		{4FBBF649-CA5D-48B7-B7DB-32C4DB68115C}.Debug|Any CPU.ActiveCfg = Debug|Any CPU
		{4FBBF649-CA5D-48B7-B7DB-32C4DB68115C}.Debug|Any CPU.Build.0 = Debug|Any CPU
		{4FBBF649-CA5D-48B7-B7DB-32C4DB68115C}.Release|Any CPU.ActiveCfg = Release|Any CPU
		{4FBBF649-CA5D-48B7-B7DB-32C4DB68115C}.Release|Any CPU.Build.0 = Release|Any CPU
		{CC9A2E52-2E1D-4021-B6C8-FCCE9951A1A9}.Debug|Any CPU.ActiveCfg = Debug|Any CPU
		{CC9A2E52-2E1D-4021-B6C8-FCCE9951A1A9}.Debug|Any CPU.Build.0 = Debug|Any CPU
		{CC9A2E52-2E1D-4021-B6C8-FCCE9951A1A9}.Release|Any CPU.ActiveCfg = Release|Any CPU
		{CC9A2E52-2E1D-4021-B6C8-FCCE9951A1A9}.Release|Any CPU.Build.0 = Release|Any CPU
		{8B27CC9D-039B-4BD5-8673-96F34E289F28}.Debug|Any CPU.ActiveCfg = Debug|Any CPU
		{8B27CC9D-039B-4BD5-8673-96F34E289F28}.Debug|Any CPU.Build.0 = Debug|Any CPU
		{8B27CC9D-039B-4BD5-8673-96F34E289F28}.Release|Any CPU.ActiveCfg = Release|Any CPU
		{8B27CC9D-039B-4BD5-8673-96F34E289F28}.Release|Any CPU.Build.0 = Release|Any CPU
	EndGlobalSection
	GlobalSection(SolutionProperties) = preSolution
		HideSolutionNode = FALSE
	EndGlobalSection
	GlobalSection(ExtensibilityGlobals) = postSolution
		SolutionGuid = {9547EACE-C9C3-4BCD-A561-0D5C315DF0FC}
	EndGlobalSection
EndGlobal
